
Microsoft Visual Studio Solution File, Format Version 12.00
# Visual Studio Version 17
VisualStudioVersion = 17.2.32630.192
MinimumVisualStudioVersion = 10.0.40219.1
Project("{FAE04EC0-301F-11D3-BF4B-00C04F79EFBC}") = "SignIn.Android", "SignIn\SignIn.Android\SignIn.Android.csproj", "{B5659BCB-D6A1-4445-9B8C-27B96BB5570F}"
EndProject
Project("{FAE04EC0-301F-11D3-BF4B-00C04F79EFBC}") = "SignIn.iOS", "SignIn\SignIn.iOS\SignIn.iOS.csproj", "{5511D3D2-CE86-4E5E-BF4B-D2F085682D8C}"
EndProject
Project("{FAE04EC0-301F-11D3-BF4B-00C04F79EFBC}") = "SignIn", "SignIn\SignIn\SignIn.csproj", "{807A66B1-D3F4-44C4-996C-DF50C89736D5}"
EndProject
Global
	GlobalSection(SolutionConfigurationPlatforms) = preSolution
		Debug|Any CPU = Debug|Any CPU
		Debug|iPhone = Debug|iPhone
		Debug|iPhoneSimulator = Debug|iPhoneSimulator
		Release|Any CPU = Release|Any CPU
		Release|iPhone = Release|iPhone
		Release|iPhoneSimulator = Release|iPhoneSimulator
	EndGlobalSection
	GlobalSection(ProjectConfigurationPlatforms) = postSolution
		{B5659BCB-D6A1-4445-9B8C-27B96BB5570F}.Debug|Any CPU.ActiveCfg = Debug|Any CPU
		{B5659BCB-D6A1-4445-9B8C-27B96BB5570F}.Debug|Any CPU.Build.0 = Debug|Any CPU
		{B5659BCB-D6A1-4445-9B8C-27B96BB5570F}.Debug|Any CPU.Deploy.0 = Debug|Any CPU
		{B5659BCB-D6A1-4445-9B8C-27B96BB5570F}.Debug|iPhone.ActiveCfg = Debug|Any CPU
		{B5659BCB-D6A1-4445-9B8C-27B96BB5570F}.Debug|iPhone.Build.0 = Debug|Any CPU
		{B5659BCB-D6A1-4445-9B8C-27B96BB5570F}.Debug|iPhone.Deploy.0 = Debug|Any CPU
		{B5659BCB-D6A1-4445-9B8C-27B96BB5570F}.Debug|iPhoneSimulator.ActiveCfg = Debug|Any CPU
		{B5659BCB-D6A1-4445-9B8C-27B96BB5570F}.Debug|iPhoneSimulator.Build.0 = Debug|Any CPU
		{B5659BCB-D6A1-4445-9B8C-27B96BB5570F}.Debug|iPhoneSimulator.Deploy.0 = Debug|Any CPU
		{B5659BCB-D6A1-4445-9B8C-27B96BB5570F}.Release|Any CPU.ActiveCfg = Release|Any CPU
		{B5659BCB-D6A1-4445-9B8C-27B96BB5570F}.Release|Any CPU.Build.0 = Release|Any CPU
		{B5659BCB-D6A1-4445-9B8C-27B96BB5570F}.Release|Any CPU.Deploy.0 = Release|Any CPU
		{B5659BCB-D6A1-4445-9B8C-27B96BB5570F}.Release|iPhone.ActiveCfg = Release|Any CPU
		{B5659BCB-D6A1-4445-9B8C-27B96BB5570F}.Release|iPhone.Build.0 = Release|Any CPU
		{B5659BCB-D6A1-4445-9B8C-27B96BB5570F}.Release|iPhone.Deploy.0 = Release|Any CPU
		{B5659BCB-D6A1-4445-9B8C-27B96BB5570F}.Release|iPhoneSimulator.ActiveCfg = Release|Any CPU
		{B5659BCB-D6A1-4445-9B8C-27B96BB5570F}.Release|iPhoneSimulator.Build.0 = Release|Any CPU
		{B5659BCB-D6A1-4445-9B8C-27B96BB5570F}.Release|iPhoneSimulator.Deploy.0 = Release|Any CPU
		{5511D3D2-CE86-4E5E-BF4B-D2F085682D8C}.Debug|Any CPU.ActiveCfg = Debug|iPhone
		{5511D3D2-CE86-4E5E-BF4B-D2F085682D8C}.Debug|Any CPU.Build.0 = Debug|iPhone
		{5511D3D2-CE86-4E5E-BF4B-D2F085682D8C}.Debug|Any CPU.Deploy.0 = Debug|iPhone
		{5511D3D2-CE86-4E5E-BF4B-D2F085682D8C}.Debug|iPhone.ActiveCfg = Debug|iPhone
		{5511D3D2-CE86-4E5E-BF4B-D2F085682D8C}.Debug|iPhone.Build.0 = Debug|iPhone
		{5511D3D2-CE86-4E5E-BF4B-D2F085682D8C}.Debug|iPhone.Deploy.0 = Debug|iPhone
		{5511D3D2-CE86-4E5E-BF4B-D2F085682D8C}.Debug|iPhoneSimulator.ActiveCfg = Debug|iPhoneSimulator
		{5511D3D2-CE86-4E5E-BF4B-D2F085682D8C}.Debug|iPhoneSimulator.Build.0 = Debug|iPhoneSimulator
		{5511D3D2-CE86-4E5E-BF4B-D2F085682D8C}.Debug|iPhoneSimulator.Deploy.0 = Debug|iPhoneSimulator
		{5511D3D2-CE86-4E5E-BF4B-D2F085682D8C}.Release|Any CPU.ActiveCfg = Release|iPhoneSimulator
		{5511D3D2-CE86-4E5E-BF4B-D2F085682D8C}.Release|Any CPU.Build.0 = Release|iPhoneSimulator
		{5511D3D2-CE86-4E5E-BF4B-D2F085682D8C}.Release|Any CPU.Deploy.0 = Release|iPhoneSimulator
		{5511D3D2-CE86-4E5E-BF4B-D2F085682D8C}.Release|iPhone.ActiveCfg = Release|iPhone
		{5511D3D2-CE86-4E5E-BF4B-D2F085682D8C}.Release|iPhone.Build.0 = Release|iPhone
		{5511D3D2-CE86-4E5E-BF4B-D2F085682D8C}.Release|iPhone.Deploy.0 = Release|iPhone
		{5511D3D2-CE86-4E5E-BF4B-D2F085682D8C}.Release|iPhoneSimulator.ActiveCfg = Release|iPhoneSimulator
		{5511D3D2-CE86-4E5E-BF4B-D2F085682D8C}.Release|iPhoneSimulator.Build.0 = Release|iPhoneSimulator
		{5511D3D2-CE86-4E5E-BF4B-D2F085682D8C}.Release|iPhoneSimulator.Deploy.0 = Release|iPhoneSimulator
		{807A66B1-D3F4-44C4-996C-DF50C89736D5}.Debug|Any CPU.ActiveCfg = Debug|Any CPU
		{807A66B1-D3F4-44C4-996C-DF50C89736D5}.Debug|Any CPU.Build.0 = Debug|Any CPU
		{807A66B1-D3F4-44C4-996C-DF50C89736D5}.Debug|Any CPU.Deploy.0 = Debug|Any CPU
		{807A66B1-D3F4-44C4-996C-DF50C89736D5}.Debug|iPhone.ActiveCfg = Debug|Any CPU
		{807A66B1-D3F4-44C4-996C-DF50C89736D5}.Debug|iPhone.Build.0 = Debug|Any CPU
		{807A66B1-D3F4-44C4-996C-DF50C89736D5}.Debug|iPhone.Deploy.0 = Debug|Any CPU
		{807A66B1-D3F4-44C4-996C-DF50C89736D5}.Debug|iPhoneSimulator.ActiveCfg = Debug|Any CPU
		{807A66B1-D3F4-44C4-996C-DF50C89736D5}.Debug|iPhoneSimulator.Build.0 = Debug|Any CPU
		{807A66B1-D3F4-44C4-996C-DF50C89736D5}.Debug|iPhoneSimulator.Deploy.0 = Debug|Any CPU
		{807A66B1-D3F4-44C4-996C-DF50C89736D5}.Release|Any CPU.ActiveCfg = Release|Any CPU
		{807A66B1-D3F4-44C4-996C-DF50C89736D5}.Release|Any CPU.Build.0 = Release|Any CPU
		{807A66B1-D3F4-44C4-996C-DF50C89736D5}.Release|Any CPU.Deploy.0 = Release|Any CPU
		{807A66B1-D3F4-44C4-996C-DF50C89736D5}.Release|iPhone.ActiveCfg = Release|Any CPU
		{807A66B1-D3F4-44C4-996C-DF50C89736D5}.Release|iPhone.Build.0 = Release|Any CPU
		{807A66B1-D3F4-44C4-996C-DF50C89736D5}.Release|iPhone.Deploy.0 = Release|Any CPU
		{807A66B1-D3F4-44C4-996C-DF50C89736D5}.Release|iPhoneSimulator.ActiveCfg = Release|Any CPU
		{807A66B1-D3F4-44C4-996C-DF50C89736D5}.Release|iPhoneSimulator.Build.0 = Release|Any CPU
		{807A66B1-D3F4-44C4-996C-DF50C89736D5}.Release|iPhoneSimulator.Deploy.0 = Release|Any CPU
	EndGlobalSection
	GlobalSection(SolutionProperties) = preSolution
		HideSolutionNode = FALSE
	EndGlobalSection
	GlobalSection(ExtensibilityGlobals) = postSolution
		SolutionGuid = {22E5BBD9-9C3C-42D4-9DDF-1E2368D80EF4}
	EndGlobalSection
EndGlobal
